
Microsoft Visual Studio Solution File, Format Version 12.00
# Visual Studio Version 17
VisualStudioVersion = 17.10.35013.160
MinimumVisualStudioVersion = 10.0.40219.1
Project("{FAE04EC0-301F-11D3-BF4B-00C04F79EFBC}") = "TurkMedya", "TurkMedya\TurkMedya.csproj", "{19823FFD-CA53-4D94-BE28-573F1FA5F286}"
EndProject
Project("{FAE04EC0-301F-11D3-BF4B-00C04F79EFBC}") = "TurkMedya.Service", "TurkMedya.Service\TurkMedya.Service.csproj", "{C7863224-C597-42B4-80A9-712C83FD4B0E}"
EndProject
Project("{FAE04EC0-301F-11D3-BF4B-00C04F79EFBC}") = "TurkMedya.Data", "TurkMedya.Data\TurkMedya.Data.csproj", "{47D53D5E-68F1-4AA8-95A3-31BC8EC8FC32}"
EndProject
Global
	GlobalSection(SolutionConfigurationPlatforms) = preSolution
		Debug|Any CPU = Debug|Any CPU
		Release|Any CPU = Release|Any CPU
	EndGlobalSection
	GlobalSection(ProjectConfigurationPlatforms) = postSolution
		{19823FFD-CA53-4D94-BE28-573F1FA5F286}.Debug|Any CPU.ActiveCfg = Debug|Any CPU
		{19823FFD-CA53-4D94-BE28-573F1FA5F286}.Debug|Any CPU.Build.0 = Debug|Any CPU
		{19823FFD-CA53-4D94-BE28-573F1FA5F286}.Release|Any CPU.ActiveCfg = Release|Any CPU
		{19823FFD-CA53-4D94-BE28-573F1FA5F286}.Release|Any CPU.Build.0 = Release|Any CPU
		{C7863224-C597-42B4-80A9-712C83FD4B0E}.Debug|Any CPU.ActiveCfg = Debug|Any CPU
		{C7863224-C597-42B4-80A9-712C83FD4B0E}.Debug|Any CPU.Build.0 = Debug|Any CPU
		{C7863224-C597-42B4-80A9-712C83FD4B0E}.Release|Any CPU.ActiveCfg = Release|Any CPU
		{C7863224-C597-42B4-80A9-712C83FD4B0E}.Release|Any CPU.Build.0 = Release|Any CPU
		{47D53D5E-68F1-4AA8-95A3-31BC8EC8FC32}.Debug|Any CPU.ActiveCfg = Debug|Any CPU
		{47D53D5E-68F1-4AA8-95A3-31BC8EC8FC32}.Debug|Any CPU.Build.0 = Debug|Any CPU
		{47D53D5E-68F1-4AA8-95A3-31BC8EC8FC32}.Release|Any CPU.ActiveCfg = Release|Any CPU
		{47D53D5E-68F1-4AA8-95A3-31BC8EC8FC32}.Release|Any CPU.Build.0 = Release|Any CPU
	EndGlobalSection
	GlobalSection(SolutionProperties) = preSolution
		HideSolutionNode = FALSE
	EndGlobalSection
	GlobalSection(ExtensibilityGlobals) = postSolution
		SolutionGuid = {95487229-1CCF-4671-83A4-61A4170DEC64}
	EndGlobalSection
EndGlobal
